
Microsoft Visual Studio Solution File, Format Version 12.00
# Visual Studio Version 17
VisualStudioVersion = 17.3.32929.385
MinimumVisualStudioVersion = 10.0.40219.1
Project("{9A19103F-16F7-4668-BE54-9A1E7A4F7556}") = "clustering", "clustering\clustering.csproj", "{A27614C2-1C3B-486C-8959-5D34601FB3B1}"
EndProject
Global
	GlobalSection(SolutionConfigurationPlatforms) = preSolution
		Debug|Any CPU = Debug|Any CPU
		Release|Any CPU = Release|Any CPU
	EndGlobalSection
	GlobalSection(ProjectConfigurationPlatforms) = postSolution
		{A27614C2-1C3B-486C-8959-5D34601FB3B1}.Debug|Any CPU.ActiveCfg = Debug|Any CPU
		{A27614C2-1C3B-486C-8959-5D34601FB3B1}.Debug|Any CPU.Build.0 = Debug|Any CPU
		{A27614C2-1C3B-486C-8959-5D34601FB3B1}.Release|Any CPU.ActiveCfg = Release|Any CPU
		{A27614C2-1C3B-486C-8959-5D34601FB3B1}.Release|Any CPU.Build.0 = Release|Any CPU
	EndGlobalSection
	GlobalSection(SolutionProperties) = preSolution
		HideSolutionNode = FALSE
	EndGlobalSection
	GlobalSection(ExtensibilityGlobals) = postSolution
		SolutionGuid = {A9C5A926-ED66-4952-AB95-4430C37ECC94}
	EndGlobalSection
EndGlobal
